
Microsoft Visual Studio Solution File, Format Version 12.00
Project("{FAE04EC0-301F-11D3-BF4B-00C04F79EFBC}") = "CookBook", "CookBook\CookBook.csproj", "{F8FFC358-A5EE-466F-89A8-DB9B179685F2}"
EndProject
Global
	GlobalSection(SolutionConfigurationPlatforms) = preSolution
		Debug|Any CPU = Debug|Any CPU
		Release|Any CPU = Release|Any CPU
	EndGlobalSection
	GlobalSection(ProjectConfigurationPlatforms) = postSolution
		{F8FFC358-A5EE-466F-89A8-DB9B179685F2}.Debug|Any CPU.ActiveCfg = Debug|Any CPU
		{F8FFC358-A5EE-466F-89A8-DB9B179685F2}.Debug|Any CPU.Build.0 = Debug|Any CPU
		{F8FFC358-A5EE-466F-89A8-DB9B179685F2}.Release|Any CPU.ActiveCfg = Release|Any CPU
		{F8FFC358-A5EE-466F-89A8-DB9B179685F2}.Release|Any CPU.Build.0 = Release|Any CPU
	EndGlobalSection
EndGlobal
